
Microsoft Visual Studio Solution File, Format Version 12.00
# Visual Studio Version 17
VisualStudioVersion = 17.10.35013.160
MinimumVisualStudioVersion = 10.0.40219.1
Project("{9A19103F-16F7-4668-BE54-9A1E7A4F7556}") = "FlightBooker", "FlightBooker\FlightBooker.csproj", "{5ECC4E41-FCCE-4BD4-86CE-7468D3DFDB48}"
EndProject
Project("{9A19103F-16F7-4668-BE54-9A1E7A4F7556}") = "FlightBooker.Domains", "FlightBooker.Domains\FlightBooker.Domains.csproj", "{33C17E88-600A-40CF-8E73-52109E2ABB53}"
EndProject
Project("{9A19103F-16F7-4668-BE54-9A1E7A4F7556}") = "FlightBooker.Repositories", "FlightBooker.Repositories\FlightBooker.Repositories.csproj", "{183BB1AA-44E7-434B-9715-C5DC42C6DE01}"
EndProject
Project("{9A19103F-16F7-4668-BE54-9A1E7A4F7556}") = "FlightBooker.Services", "FlightBooker.Services\FlightBooker.Services.csproj", "{68021909-F90A-47CC-9CB5-044AE87FED81}"
EndProject
Project("{FAE04EC0-301F-11D3-BF4B-00C04F79EFBC}") = "FlightBooker.Util", "SendMail.Util\FlightBooker.Util.csproj", "{B03FEEC0-BFB0-4E94-A395-514456B13CF7}"
EndProject
Global
	GlobalSection(SolutionConfigurationPlatforms) = preSolution
		Debug|Any CPU = Debug|Any CPU
		Release|Any CPU = Release|Any CPU
	EndGlobalSection
	GlobalSection(ProjectConfigurationPlatforms) = postSolution
		{5ECC4E41-FCCE-4BD4-86CE-7468D3DFDB48}.Debug|Any CPU.ActiveCfg = Debug|Any CPU
		{5ECC4E41-FCCE-4BD4-86CE-7468D3DFDB48}.Debug|Any CPU.Build.0 = Debug|Any CPU
		{5ECC4E41-FCCE-4BD4-86CE-7468D3DFDB48}.Release|Any CPU.ActiveCfg = Release|Any CPU
		{5ECC4E41-FCCE-4BD4-86CE-7468D3DFDB48}.Release|Any CPU.Build.0 = Release|Any CPU
		{33C17E88-600A-40CF-8E73-52109E2ABB53}.Debug|Any CPU.ActiveCfg = Debug|Any CPU
		{33C17E88-600A-40CF-8E73-52109E2ABB53}.Debug|Any CPU.Build.0 = Debug|Any CPU
		{33C17E88-600A-40CF-8E73-52109E2ABB53}.Release|Any CPU.ActiveCfg = Release|Any CPU
		{33C17E88-600A-40CF-8E73-52109E2ABB53}.Release|Any CPU.Build.0 = Release|Any CPU
		{183BB1AA-44E7-434B-9715-C5DC42C6DE01}.Debug|Any CPU.ActiveCfg = Debug|Any CPU
		{183BB1AA-44E7-434B-9715-C5DC42C6DE01}.Debug|Any CPU.Build.0 = Debug|Any CPU
		{183BB1AA-44E7-434B-9715-C5DC42C6DE01}.Release|Any CPU.ActiveCfg = Release|Any CPU
		{183BB1AA-44E7-434B-9715-C5DC42C6DE01}.Release|Any CPU.Build.0 = Release|Any CPU
		{68021909-F90A-47CC-9CB5-044AE87FED81}.Debug|Any CPU.ActiveCfg = Debug|Any CPU
		{68021909-F90A-47CC-9CB5-044AE87FED81}.Debug|Any CPU.Build.0 = Debug|Any CPU
		{68021909-F90A-47CC-9CB5-044AE87FED81}.Release|Any CPU.ActiveCfg = Release|Any CPU
		{68021909-F90A-47CC-9CB5-044AE87FED81}.Release|Any CPU.Build.0 = Release|Any CPU
		{B03FEEC0-BFB0-4E94-A395-514456B13CF7}.Debug|Any CPU.ActiveCfg = Debug|Any CPU
		{B03FEEC0-BFB0-4E94-A395-514456B13CF7}.Debug|Any CPU.Build.0 = Debug|Any CPU
		{B03FEEC0-BFB0-4E94-A395-514456B13CF7}.Release|Any CPU.ActiveCfg = Release|Any CPU
		{B03FEEC0-BFB0-4E94-A395-514456B13CF7}.Release|Any CPU.Build.0 = Release|Any CPU
	EndGlobalSection
	GlobalSection(SolutionProperties) = preSolution
		HideSolutionNode = FALSE
	EndGlobalSection
	GlobalSection(ExtensibilityGlobals) = postSolution
		SolutionGuid = {19E777D1-A781-4517-A3BD-B5C1B835A904}
	EndGlobalSection
EndGlobal
